
Microsoft Visual Studio Solution File, Format Version 12.00
# Visual Studio Version 17
VisualStudioVersion = 17.3.32901.215
MinimumVisualStudioVersion = 10.0.40219.1
Project("{FAE04EC0-301F-11D3-BF4B-00C04F79EFBC}") = "Resolver", "ConsoleApp1\Resolver.csproj", "{87BEEE6E-B55F-4F51-840D-5D19BA9FA7CC}"
EndProject
Global
	GlobalSection(SolutionConfigurationPlatforms) = preSolution
		Debug|Any CPU = Debug|Any CPU
		Release|Any CPU = Release|Any CPU
	EndGlobalSection
	GlobalSection(ProjectConfigurationPlatforms) = postSolution
		{87BEEE6E-B55F-4F51-840D-5D19BA9FA7CC}.Debug|Any CPU.ActiveCfg = Debug|Any CPU
		{87BEEE6E-B55F-4F51-840D-5D19BA9FA7CC}.Debug|Any CPU.Build.0 = Debug|Any CPU
		{87BEEE6E-B55F-4F51-840D-5D19BA9FA7CC}.Release|Any CPU.ActiveCfg = Release|Any CPU
		{87BEEE6E-B55F-4F51-840D-5D19BA9FA7CC}.Release|Any CPU.Build.0 = Release|Any CPU
	EndGlobalSection
	GlobalSection(SolutionProperties) = preSolution
		HideSolutionNode = FALSE
	EndGlobalSection
	GlobalSection(ExtensibilityGlobals) = postSolution
		SolutionGuid = {8956F80B-65E4-4486-B29B-6C7F801C559D}
	EndGlobalSection
EndGlobal
